
Microsoft Visual Studio Solution File, Format Version 12.00
# Visual Studio Version 17
VisualStudioVersion = 17.7.34221.43
MinimumVisualStudioVersion = 10.0.40219.1
Project("{FAE04EC0-301F-11D3-BF4B-00C04F79EFBC}") = "TestApp3D", "TestApp3D.csproj", "{4CC01BCA-917D-423A-8936-D98CEC05316E}"
EndProject
Global
	GlobalSection(SolutionConfigurationPlatforms) = preSolution
		Debug|Any CPU = Debug|Any CPU
		Release|Any CPU = Release|Any CPU
	EndGlobalSection
	GlobalSection(ProjectConfigurationPlatforms) = postSolution
		{4CC01BCA-917D-423A-8936-D98CEC05316E}.Debug|Any CPU.ActiveCfg = Debug|Any CPU
		{4CC01BCA-917D-423A-8936-D98CEC05316E}.Debug|Any CPU.Build.0 = Debug|Any CPU
		{4CC01BCA-917D-423A-8936-D98CEC05316E}.Release|Any CPU.ActiveCfg = Release|Any CPU
		{4CC01BCA-917D-423A-8936-D98CEC05316E}.Release|Any CPU.Build.0 = Release|Any CPU
	EndGlobalSection
	GlobalSection(SolutionProperties) = preSolution
		HideSolutionNode = FALSE
	EndGlobalSection
	GlobalSection(ExtensibilityGlobals) = postSolution
		SolutionGuid = {5AAA9A60-C95A-402A-A555-EB4F7FB8F161}
	EndGlobalSection
EndGlobal
